// !$*UTF8*$!
{
	archiveVersion = 1;
	classes = {
	};
	objectVersion = 45;
	objects = {

/* Begin PBXBuildFile section */
		1D3623260D0F684500981E51 /* YGapAppDelegate.m in Sources */ = {isa = PBXBuildFile; fileRef = 1D3623250D0F684500981E51 /* YGapAppDelegate.m */; };
		1D60589B0D05DD56006BFB54 /* main.m in Sources */ = {isa = PBXBuildFile; fileRef = 29B97316FDCFA39411CA2CEA /* main.m */; };
		1D60589F0D05DD5A006BFB54 /* Foundation.framework in Frameworks */ = {isa = PBXBuildFile; fileRef = 1D30AB110D05D00D00671497 /* Foundation.framework */; };
		1DF5F4E00D08C38300B7A737 /* UIKit.framework in Frameworks */ = {isa = PBXBuildFile; fileRef = 1DF5F4DF0D08C38300B7A737 /* UIKit.framework */; };
		2892E4100DC94CBA00A64D0F /* CoreGraphics.framework in Frameworks */ = {isa = PBXBuildFile; fileRef = 2892E40F0DC94CBA00A64D0F /* CoreGraphics.framework */; };
		28AD73600D9D9599002E5188 /* MainWindow.xib in Resources */ = {isa = PBXBuildFile; fileRef = 28AD735F0D9D9599002E5188 /* MainWindow.xib */; };
		28C286E10D94DF7D0034E888 /* RootViewController.m in Sources */ = {isa = PBXBuildFile; fileRef = 28C286E00D94DF7D0034E888 /* RootViewController.m */; };
		28F335F11007B36200424DE2 /* RootViewController.xib in Resources */ = {isa = PBXBuildFile; fileRef = 28F335F01007B36200424DE2 /* RootViewController.xib */; };
		DE9D74B410F806DD006116F5 /* CXMLDocument_CreationExtensions.m in Sources */ = {isa = PBXBuildFile; fileRef = DE9D749D10F806DD006116F5 /* CXMLDocument_CreationExtensions.m */; };
		DE9D74B510F806DD006116F5 /* CXMLNode_CreationExtensions.m in Sources */ = {isa = PBXBuildFile; fileRef = DE9D749F10F806DD006116F5 /* CXMLNode_CreationExtensions.m */; };
		DE9D74B610F806DD006116F5 /* CXMLDocument.m in Sources */ = {isa = PBXBuildFile; fileRef = DE9D74A110F806DD006116F5 /* CXMLDocument.m */; };
		DE9D74B710F806DD006116F5 /* CXMLDocument_PrivateExtensions.m in Sources */ = {isa = PBXBuildFile; fileRef = DE9D74A310F806DD006116F5 /* CXMLDocument_PrivateExtensions.m */; };
		DE9D74B810F806DD006116F5 /* CXMLElement.m in Sources */ = {isa = PBXBuildFile; fileRef = DE9D74A510F806DD006116F5 /* CXMLElement.m */; };
		DE9D74B910F806DD006116F5 /* CXMLElement_CreationExtensions.m in Sources */ = {isa = PBXBuildFile; fileRef = DE9D74A710F806DD006116F5 /* CXMLElement_CreationExtensions.m */; };
		DE9D74BA10F806DD006116F5 /* CXMLElement_ElementTreeExtensions.m in Sources */ = {isa = PBXBuildFile; fileRef = DE9D74A910F806DD006116F5 /* CXMLElement_ElementTreeExtensions.m */; };
		DE9D74BB10F806DD006116F5 /* CXMLNode.m in Sources */ = {isa = PBXBuildFile; fileRef = DE9D74AB10F806DD006116F5 /* CXMLNode.m */; };
		DE9D74BC10F806DD006116F5 /* CXMLNode_PrivateExtensions.m in Sources */ = {isa = PBXBuildFile; fileRef = DE9D74AD10F806DD006116F5 /* CXMLNode_PrivateExtensions.m */; };
		DE9D74BD10F806DD006116F5 /* CXMLNode_XPathExtensions.m in Sources */ = {isa = PBXBuildFile; fileRef = DE9D74AF10F806DD006116F5 /* CXMLNode_XPathExtensions.m */; };
		DE9D74BE10F806DD006116F5 /* CTidy.m in Sources */ = {isa = PBXBuildFile; fileRef = DE9D74B210F806DD006116F5 /* CTidy.m */; };
		DE9D753510F81A21006116F5 /* BlogTableCell.xib in Resources */ = {isa = PBXBuildFile; fileRef = DE9D753410F81A21006116F5 /* BlogTableCell.xib */; };
		DE9D75FA10F946A5006116F5 /* AsyncImageView.m in Sources */ = {isa = PBXBuildFile; fileRef = DE9D75F910F946A5006116F5 /* AsyncImageView.m */; };
		DEF30FD610F9AD5A00CEB61F /* TourController.m in Sources */ = {isa = PBXBuildFile; fileRef = DEF30FD410F9AD5A00CEB61F /* TourController.m */; };
		DEF30FD710F9AD5A00CEB61F /* TourController.xib in Resources */ = {isa = PBXBuildFile; fileRef = DEF30FD510F9AD5A00CEB61F /* TourController.xib */; };
		DEF3100710F9B0A100CEB61F /* MapKit.framework in Frameworks */ = {isa = PBXBuildFile; fileRef = DEF3100610F9B0A100CEB61F /* MapKit.framework */; };
		DEF3100B10F9B0AB00CEB61F /* CoreLocation.framework in Frameworks */ = {isa = PBXBuildFile; fileRef = DEF3100A10F9B0AB00CEB61F /* CoreLocation.framework */; };
		DEF3101510F9B27B00CEB61F /* TourAnnotation.m in Sources */ = {isa = PBXBuildFile; fileRef = DEF3101410F9B27B00CEB61F /* TourAnnotation.m */; };
		DEF3105D10F9B6FB00CEB61F /* AddressGeocoder.m in Sources */ = {isa = PBXBuildFile; fileRef = DEF3105C10F9B6FB00CEB61F /* AddressGeocoder.m */; };
		DEF310D210FA75CC00CEB61F /* BlogItemController.m in Sources */ = {isa = PBXBuildFile; fileRef = DEF310D010FA75CC00CEB61F /* BlogItemController.m */; };
		DEF310D310FA75CC00CEB61F /* BlogItemController.xib in Resources */ = {isa = PBXBuildFile; fileRef = DEF310D110FA75CC00CEB61F /* BlogItemController.xib */; };
		DEF312931102DDEE00CEB61F /* BlogController.m in Sources */ = {isa = PBXBuildFile; fileRef = DEF312911102DDEE00CEB61F /* BlogController.m */; };
		DEF312941102DDEE00CEB61F /* BlogController.xib in Resources */ = {isa = PBXBuildFile; fileRef = DEF312921102DDEE00CEB61F /* BlogController.xib */; };
/* End PBXBuildFile section */

/* Begin PBXFileReference section */
		1D30AB110D05D00D00671497 /* Foundation.framework */ = {isa = PBXFileReference; lastKnownFileType = wrapper.framework; name = Foundation.framework; path = System/Library/Frameworks/Foundation.framework; sourceTree = SDKROOT; };
		1D3623240D0F684500981E51 /* YGapAppDelegate.h */ = {isa = PBXFileReference; fileEncoding = 4; lastKnownFileType = sourcecode.c.h; path = YGapAppDelegate.h; sourceTree = "<group>"; };
		1D3623250D0F684500981E51 /* YGapAppDelegate.m */ = {isa = PBXFileReference; fileEncoding = 4; lastKnownFileType = sourcecode.c.objc; path = YGapAppDelegate.m; sourceTree = "<group>"; };
		1D6058910D05DD3D006BFB54 /* YGap.app */ = {isa = PBXFileReference; explicitFileType = wrapper.application; includeInIndex = 0; path = YGap.app; sourceTree = BUILT_PRODUCTS_DIR; };
		1DF5F4DF0D08C38300B7A737 /* UIKit.framework */ = {isa = PBXFileReference; lastKnownFileType = wrapper.framework; name = UIKit.framework; path = System/Library/Frameworks/UIKit.framework; sourceTree = SDKROOT; };
		2892E40F0DC94CBA00A64D0F /* CoreGraphics.framework */ = {isa = PBXFileReference; lastKnownFileType = wrapper.framework; name = CoreGraphics.framework; path = System/Library/Frameworks/CoreGraphics.framework; sourceTree = SDKROOT; };
		28A0AAE50D9B0CCF005BE974 /* YGap_Prefix.pch */ = {isa = PBXFileReference; fileEncoding = 4; lastKnownFileType = sourcecode.c.h; path = YGap_Prefix.pch; sourceTree = "<group>"; };
		28AD735F0D9D9599002E5188 /* MainWindow.xib */ = {isa = PBXFileReference; lastKnownFileType = file.xib; path = MainWindow.xib; sourceTree = "<group>"; };
		28C286DF0D94DF7D0034E888 /* RootViewController.h */ = {isa = PBXFileReference; fileEncoding = 4; lastKnownFileType = sourcecode.c.h; path = RootViewController.h; sourceTree = "<group>"; };
		28C286E00D94DF7D0034E888 /* RootViewController.m */ = {isa = PBXFileReference; fileEncoding = 4; lastKnownFileType = sourcecode.c.objc; path = RootViewController.m; sourceTree = "<group>"; };
		28F335F01007B36200424DE2 /* RootViewController.xib */ = {isa = PBXFileReference; lastKnownFileType = file.xib; path = RootViewController.xib; sourceTree = "<group>"; };
		29B97316FDCFA39411CA2CEA /* main.m */ = {isa = PBXFileReference; fileEncoding = 4; lastKnownFileType = sourcecode.c.objc; path = main.m; sourceTree = "<group>"; };
		8D1107310486CEB800E47090 /* YGap-Info.plist */ = {isa = PBXFileReference; fileEncoding = 4; lastKnownFileType = text.plist.xml; path = "YGap-Info.plist"; plistStructureDefinitionIdentifier = "com.apple.xcode.plist.structure-definition.iphone.info-plist"; sourceTree = "<group>"; };
		DE9D749C10F806DD006116F5 /* CXMLDocument_CreationExtensions.h */ = {isa = PBXFileReference; fileEncoding = 4; lastKnownFileType = sourcecode.c.h; name = CXMLDocument_CreationExtensions.h; path = ExtraLibraries/touchcode/TouchXML/Common/Source/Creation/CXMLDocument_CreationExtensions.h; sourceTree = DEVELOPER_DIR; };
		DE9D749D10F806DD006116F5 /* CXMLDocument_CreationExtensions.m */ = {isa = PBXFileReference; fileEncoding = 4; lastKnownFileType = sourcecode.c.objc; name = CXMLDocument_CreationExtensions.m; path = ExtraLibraries/touchcode/TouchXML/Common/Source/Creation/CXMLDocument_CreationExtensions.m; sourceTree = DEVELOPER_DIR; };
		DE9D749E10F806DD006116F5 /* CXMLNode_CreationExtensions.h */ = {isa = PBXFileReference; fileEncoding = 4; lastKnownFileType = sourcecode.c.h; name = CXMLNode_CreationExtensions.h; path = ExtraLibraries/touchcode/TouchXML/Common/Source/Creation/CXMLNode_CreationExtensions.h; sourceTree = DEVELOPER_DIR; };
		DE9D749F10F806DD006116F5 /* CXMLNode_CreationExtensions.m */ = {isa = PBXFileReference; fileEncoding = 4; lastKnownFileType = sourcecode.c.objc; name = CXMLNode_CreationExtensions.m; path = ExtraLibraries/touchcode/TouchXML/Common/Source/Creation/CXMLNode_CreationExtensions.m; sourceTree = DEVELOPER_DIR; };
		DE9D74A010F806DD006116F5 /* CXMLDocument.h */ = {isa = PBXFileReference; fileEncoding = 4; lastKnownFileType = sourcecode.c.h; name = CXMLDocument.h; path = ExtraLibraries/touchcode/TouchXML/Common/Source/CXMLDocument.h; sourceTree = DEVELOPER_DIR; };
		DE9D74A110F806DD006116F5 /* CXMLDocument.m */ = {isa = PBXFileReference; fileEncoding = 4; lastKnownFileType = sourcecode.c.objc; name = CXMLDocument.m; path = ExtraLibraries/touchcode/TouchXML/Common/Source/CXMLDocument.m; sourceTree = DEVELOPER_DIR; };
		DE9D74A210F806DD006116F5 /* CXMLDocument_PrivateExtensions.h */ = {isa = PBXFileReference; fileEncoding = 4; lastKnownFileType = sourcecode.c.h; name = CXMLDocument_PrivateExtensions.h; path = ExtraLibraries/touchcode/TouchXML/Common/Source/CXMLDocument_PrivateExtensions.h; sourceTree = DEVELOPER_DIR; };
		DE9D74A310F806DD006116F5 /* CXMLDocument_PrivateExtensions.m */ = {isa = PBXFileReference; fileEncoding = 4; lastKnownFileType = sourcecode.c.objc; name = CXMLDocument_PrivateExtensions.m; path = ExtraLibraries/touchcode/TouchXML/Common/Source/CXMLDocument_PrivateExtensions.m; sourceTree = DEVELOPER_DIR; };
		DE9D74A410F806DD006116F5 /* CXMLElement.h */ = {isa = PBXFileReference; fileEncoding = 4; lastKnownFileType = sourcecode.c.h; name = CXMLElement.h; path = ExtraLibraries/touchcode/TouchXML/Common/Source/CXMLElement.h; sourceTree = DEVELOPER_DIR; };
		DE9D74A510F806DD006116F5 /* CXMLElement.m */ = {isa = PBXFileReference; fileEncoding = 4; lastKnownFileType = sourcecode.c.objc; name = CXMLElement.m; path = ExtraLibraries/touchcode/TouchXML/Common/Source/CXMLElement.m; sourceTree = DEVELOPER_DIR; };
		DE9D74A610F806DD006116F5 /* CXMLElement_CreationExtensions.h */ = {isa = PBXFileReference; fileEncoding = 4; lastKnownFileType = sourcecode.c.h; name = CXMLElement_CreationExtensions.h; path = ExtraLibraries/touchcode/TouchXML/Common/Source/CXMLElement_CreationExtensions.h; sourceTree = DEVELOPER_DIR; };
		DE9D74A710F806DD006116F5 /* CXMLElement_CreationExtensions.m */ = {isa = PBXFileReference; fileEncoding = 4; lastKnownFileType = sourcecode.c.objc; name = CXMLElement_CreationExtensions.m; path = ExtraLibraries/touchcode/TouchXML/Common/Source/CXMLElement_CreationExtensions.m; sourceTree = DEVELOPER_DIR; };
		DE9D74A810F806DD006116F5 /* CXMLElement_ElementTreeExtensions.h */ = {isa = PBXFileReference; fileEncoding = 4; lastKnownFileType = sourcecode.c.h; name = CXMLElement_ElementTreeExtensions.h; path = ExtraLibraries/touchcode/TouchXML/Common/Source/CXMLElement_ElementTreeExtensions.h; sourceTree = DEVELOPER_DIR; };
		DE9D74A910F806DD006116F5 /* CXMLElement_ElementTreeExtensions.m */ = {isa = PBXFileReference; fileEncoding = 4; lastKnownFileType = sourcecode.c.objc; name = CXMLElement_ElementTreeExtensions.m; path = ExtraLibraries/touchcode/TouchXML/Common/Source/CXMLElement_ElementTreeExtensions.m; sourceTree = DEVELOPER_DIR; };
		DE9D74AA10F806DD006116F5 /* CXMLNode.h */ = {isa = PBXFileReference; fileEncoding = 4; lastKnownFileType = sourcecode.c.h; name = CXMLNode.h; path = ExtraLibraries/touchcode/TouchXML/Common/Source/CXMLNode.h; sourceTree = DEVELOPER_DIR; };
		DE9D74AB10F806DD006116F5 /* CXMLNode.m */ = {isa = PBXFileReference; fileEncoding = 4; lastKnownFileType = sourcecode.c.objc; name = CXMLNode.m; path = ExtraLibraries/touchcode/TouchXML/Common/Source/CXMLNode.m; sourceTree = DEVELOPER_DIR; };
		DE9D74AC10F806DD006116F5 /* CXMLNode_PrivateExtensions.h */ = {isa = PBXFileReference; fileEncoding = 4; lastKnownFileType = sourcecode.c.h; name = CXMLNode_PrivateExtensions.h; path = ExtraLibraries/touchcode/TouchXML/Common/Source/CXMLNode_PrivateExtensions.h; sourceTree = DEVELOPER_DIR; };
		DE9D74AD10F806DD006116F5 /* CXMLNode_PrivateExtensions.m */ = {isa = PBXFileReference; fileEncoding = 4; lastKnownFileType = sourcecode.c.objc; name = CXMLNode_PrivateExtensions.m; path = ExtraLibraries/touchcode/TouchXML/Common/Source/CXMLNode_PrivateExtensions.m; sourceTree = DEVELOPER_DIR; };
		DE9D74AE10F806DD006116F5 /* CXMLNode_XPathExtensions.h */ = {isa = PBXFileReference; fileEncoding = 4; lastKnownFileType = sourcecode.c.h; name = CXMLNode_XPathExtensions.h; path = ExtraLibraries/touchcode/TouchXML/Common/Source/CXMLNode_XPathExtensions.h; sourceTree = DEVELOPER_DIR; };
		DE9D74AF10F806DD006116F5 /* CXMLNode_XPathExtensions.m */ = {isa = PBXFileReference; fileEncoding = 4; lastKnownFileType = sourcecode.c.objc; name = CXMLNode_XPathExtensions.m; path = ExtraLibraries/touchcode/TouchXML/Common/Source/CXMLNode_XPathExtensions.m; sourceTree = DEVELOPER_DIR; };
		DE9D74B110F806DD006116F5 /* CTidy.h */ = {isa = PBXFileReference; fileEncoding = 4; lastKnownFileType = sourcecode.c.h; name = CTidy.h; path = ExtraLibraries/touchcode/TouchXML/Common/Source/Tidy/CTidy.h; sourceTree = DEVELOPER_DIR; };
		DE9D74B210F806DD006116F5 /* CTidy.m */ = {isa = PBXFileReference; fileEncoding = 4; lastKnownFileType = sourcecode.c.objc; name = CTidy.m; path = ExtraLibraries/touchcode/TouchXML/Common/Source/Tidy/CTidy.m; sourceTree = DEVELOPER_DIR; };
		DE9D74B310F806DD006116F5 /* TouchXML.h */ = {isa = PBXFileReference; fileEncoding = 4; lastKnownFileType = sourcecode.c.h; name = TouchXML.h; path = ExtraLibraries/touchcode/TouchXML/Common/Source/TouchXML.h; sourceTree = DEVELOPER_DIR; };
		DE9D753410F81A21006116F5 /* BlogTableCell.xib */ = {isa = PBXFileReference; lastKnownFileType = file.xib; path = BlogTableCell.xib; sourceTree = "<group>"; };
		DE9D75F810F946A5006116F5 /* AsyncImageView.h */ = {isa = PBXFileReference; fileEncoding = 4; lastKnownFileType = sourcecode.c.h; path = AsyncImageView.h; sourceTree = "<group>"; };
		DE9D75F910F946A5006116F5 /* AsyncImageView.m */ = {isa = PBXFileReference; fileEncoding = 4; lastKnownFileType = sourcecode.c.objc; path = AsyncImageView.m; sourceTree = "<group>"; };
		DEF30FD310F9AD5A00CEB61F /* TourController.h */ = {isa = PBXFileReference; fileEncoding = 4; lastKnownFileType = sourcecode.c.h; path = TourController.h; sourceTree = "<group>"; };
		DEF30FD410F9AD5A00CEB61F /* TourController.m */ = {isa = PBXFileReference; fileEncoding = 4; lastKnownFileType = sourcecode.c.objc; path = TourController.m; sourceTree = "<group>"; };
		DEF30FD510F9AD5A00CEB61F /* TourController.xib */ = {isa = PBXFileReference; lastKnownFileType = file.xib; name = TourController.xib; path = Classes/TourController.xib; sourceTree = "<group>"; };
		DEF3100610F9B0A100CEB61F /* MapKit.framework */ = {isa = PBXFileReference; lastKnownFileType = wrapper.framework; name = MapKit.framework; path = System/Library/Frameworks/MapKit.framework; sourceTree = SDKROOT; };
		DEF3100A10F9B0AB00CEB61F /* CoreLocation.framework */ = {isa = PBXFileReference; lastKnownFileType = wrapper.framework; name = CoreLocation.framework; path = System/Library/Frameworks/CoreLocation.framework; sourceTree = SDKROOT; };
		DEF3101310F9B27B00CEB61F /* TourAnnotation.h */ = {isa = PBXFileReference; fileEncoding = 4; lastKnownFileType = sourcecode.c.h; path = TourAnnotation.h; sourceTree = "<group>"; };
		DEF3101410F9B27B00CEB61F /* TourAnnotation.m */ = {isa = PBXFileReference; fileEncoding = 4; lastKnownFileType = sourcecode.c.objc; path = TourAnnotation.m; sourceTree = "<group>"; };
		DEF3105B10F9B6FB00CEB61F /* AddressGeocoder.h */ = {isa = PBXFileReference; fileEncoding = 4; lastKnownFileType = sourcecode.c.h; path = AddressGeocoder.h; sourceTree = "<group>"; };
		DEF3105C10F9B6FB00CEB61F /* AddressGeocoder.m */ = {isa = PBXFileReference; fileEncoding = 4; lastKnownFileType = sourcecode.c.objc; path = AddressGeocoder.m; sourceTree = "<group>"; };
		DEF310CF10FA75CC00CEB61F /* BlogItemController.h */ = {isa = PBXFileReference; fileEncoding = 4; lastKnownFileType = sourcecode.c.h; path = BlogItemController.h; sourceTree = "<group>"; };
		DEF310D010FA75CC00CEB61F /* BlogItemController.m */ = {isa = PBXFileReference; fileEncoding = 4; lastKnownFileType = sourcecode.c.objc; path = BlogItemController.m; sourceTree = "<group>"; };
		DEF310D110FA75CC00CEB61F /* BlogItemController.xib */ = {isa = PBXFileReference; lastKnownFileType = file.xib; name = BlogItemController.xib; path = Classes/BlogItemController.xib; sourceTree = "<group>"; };
		DEF312901102DDEE00CEB61F /* BlogController.h */ = {isa = PBXFileReference; fileEncoding = 4; lastKnownFileType = sourcecode.c.h; path = BlogController.h; sourceTree = "<group>"; };
		DEF312911102DDEE00CEB61F /* BlogController.m */ = {isa = PBXFileReference; fileEncoding = 4; lastKnownFileType = sourcecode.c.objc; path = BlogController.m; sourceTree = "<group>"; };
		DEF312921102DDEE00CEB61F /* BlogController.xib */ = {isa = PBXFileReference; lastKnownFileType = file.xib; name = BlogController.xib; path = Classes/BlogController.xib; sourceTree = "<group>"; };
/* End PBXFileReference section */

/* Begin PBXFrameworksBuildPhase section */
		1D60588F0D05DD3D006BFB54 /* Frameworks */ = {
			isa = PBXFrameworksBuildPhase;
			buildActionMask = 2147483647;
			files = (
				1D60589F0D05DD5A006BFB54 /* Foundation.framework in Frameworks */,
				1DF5F4E00D08C38300B7A737 /* UIKit.framework in Frameworks */,
				2892E4100DC94CBA00A64D0F /* CoreGraphics.framework in Frameworks */,
				DEF3100710F9B0A100CEB61F /* MapKit.framework in Frameworks */,
				DEF3100B10F9B0AB00CEB61F /* CoreLocation.framework in Frameworks */,
			);
			runOnlyForDeploymentPostprocessing = 0;
		};
/* End PBXFrameworksBuildPhase section */

/* Begin PBXGroup section */
		080E96DDFE201D6D7F000001 /* Classes */ = {
			isa = PBXGroup;
			children = (
				DE9D749A10F806DD006116F5 /* Source */,
				28C286DF0D94DF7D0034E888 /* RootViewController.h */,
				28C286E00D94DF7D0034E888 /* RootViewController.m */,
				1D3623240D0F684500981E51 /* YGapAppDelegate.h */,
				1D3623250D0F684500981E51 /* YGapAppDelegate.m */,
				DE9D75F810F946A5006116F5 /* AsyncImageView.h */,
				DE9D75F910F946A5006116F5 /* AsyncImageView.m */,
				DEF30FD310F9AD5A00CEB61F /* TourController.h */,
				DEF30FD410F9AD5A00CEB61F /* TourController.m */,
				DEF3101310F9B27B00CEB61F /* TourAnnotation.h */,
				DEF3101410F9B27B00CEB61F /* TourAnnotation.m */,
				DEF3105B10F9B6FB00CEB61F /* AddressGeocoder.h */,
				DEF3105C10F9B6FB00CEB61F /* AddressGeocoder.m */,
				DEF310CF10FA75CC00CEB61F /* BlogItemController.h */,
				DEF310D010FA75CC00CEB61F /* BlogItemController.m */,
				DEF312901102DDEE00CEB61F /* BlogController.h */,
				DEF312911102DDEE00CEB61F /* BlogController.m */,
			);
			path = Classes;
			sourceTree = "<group>";
		};
		19C28FACFE9D520D11CA2CBB /* Products */ = {
			isa = PBXGroup;
			children = (
				1D6058910D05DD3D006BFB54 /* YGap.app */,
			);
			name = Products;
			sourceTree = "<group>";
		};
		29B97314FDCFA39411CA2CEA /* CustomTemplate */ = {
			isa = PBXGroup;
			children = (
				080E96DDFE201D6D7F000001 /* Classes */,
				29B97315FDCFA39411CA2CEA /* Other Sources */,
				29B97317FDCFA39411CA2CEA /* Resources */,
				29B97323FDCFA39411CA2CEA /* Frameworks */,
				19C28FACFE9D520D11CA2CBB /* Products */,
				DEF3100610F9B0A100CEB61F /* MapKit.framework */,
				DEF3100A10F9B0AB00CEB61F /* CoreLocation.framework */,
			);
			name = CustomTemplate;
			sourceTree = "<group>";
		};
		29B97315FDCFA39411CA2CEA /* Other Sources */ = {
			isa = PBXGroup;
			children = (
				28A0AAE50D9B0CCF005BE974 /* YGap_Prefix.pch */,
				29B97316FDCFA39411CA2CEA /* main.m */,
			);
			name = "Other Sources";
			sourceTree = "<group>";
		};
		29B97317FDCFA39411CA2CEA /* Resources */ = {
			isa = PBXGroup;
			children = (
				28F335F01007B36200424DE2 /* RootViewController.xib */,
				DEF312921102DDEE00CEB61F /* BlogController.xib */,
				DEF310D110FA75CC00CEB61F /* BlogItemController.xib */,
				DEF30FD510F9AD5A00CEB61F /* TourController.xib */,
				28AD735F0D9D9599002E5188 /* MainWindow.xib */,
				8D1107310486CEB800E47090 /* YGap-Info.plist */,
				DE9D753410F81A21006116F5 /* BlogTableCell.xib */,
			);
			name = Resources;
			sourceTree = "<group>";
		};
		29B97323FDCFA39411CA2CEA /* Frameworks */ = {
			isa = PBXGroup;
			children = (
				1DF5F4DF0D08C38300B7A737 /* UIKit.framework */,
				1D30AB110D05D00D00671497 /* Foundation.framework */,
				2892E40F0DC94CBA00A64D0F /* CoreGraphics.framework */,
			);
			name = Frameworks;
			sourceTree = "<group>";
		};
		DE9D749A10F806DD006116F5 /* Source */ = {
			isa = PBXGroup;
			children = (
				DE9D749B10F806DD006116F5 /* Creation */,
				DE9D74A010F806DD006116F5 /* CXMLDocument.h */,
				DE9D74A110F806DD006116F5 /* CXMLDocument.m */,
				DE9D74A210F806DD006116F5 /* CXMLDocument_PrivateExtensions.h */,
				DE9D74A310F806DD006116F5 /* CXMLDocument_PrivateExtensions.m */,
				DE9D74A410F806DD006116F5 /* CXMLElement.h */,
				DE9D74A510F806DD006116F5 /* CXMLElement.m */,
				DE9D74A610F806DD006116F5 /* CXMLElement_CreationExtensions.h */,
				DE9D74A710F806DD006116F5 /* CXMLElement_CreationExtensions.m */,
				DE9D74A810F806DD006116F5 /* CXMLElement_ElementTreeExtensions.h */,
				DE9D74A910F806DD006116F5 /* CXMLElement_ElementTreeExtensions.m */,
				DE9D74AA10F806DD006116F5 /* CXMLNode.h */,
				DE9D74AB10F806DD006116F5 /* CXMLNode.m */,
				DE9D74AC10F806DD006116F5 /* CXMLNode_PrivateExtensions.h */,
				DE9D74AD10F806DD006116F5 /* CXMLNode_PrivateExtensions.m */,
				DE9D74AE10F806DD006116F5 /* CXMLNode_XPathExtensions.h */,
				DE9D74AF10F806DD006116F5 /* CXMLNode_XPathExtensions.m */,
				DE9D74B010F806DD006116F5 /* Tidy */,
				DE9D74B310F806DD006116F5 /* TouchXML.h */,
			);
			name = Source;
			path = ExtraLibraries/touchcode/TouchXML/Common/Source;
			sourceTree = DEVELOPER_DIR;
		};
		DE9D749B10F806DD006116F5 /* Creation */ = {
			isa = PBXGroup;
			children = (
				DE9D749C10F806DD006116F5 /* CXMLDocument_CreationExtensions.h */,
				DE9D749D10F806DD006116F5 /* CXMLDocument_CreationExtensions.m */,
				DE9D749E10F806DD006116F5 /* CXMLNode_CreationExtensions.h */,
				DE9D749F10F806DD006116F5 /* CXMLNode_CreationExtensions.m */,
			);
			name = Creation;
			path = ExtraLibraries/touchcode/TouchXML/Common/Source/Creation;
			sourceTree = DEVELOPER_DIR;
		};
		DE9D74B010F806DD006116F5 /* Tidy */ = {
			isa = PBXGroup;
			children = (
				DE9D74B110F806DD006116F5 /* CTidy.h */,
				DE9D74B210F806DD006116F5 /* CTidy.m */,
			);
			name = Tidy;
			path = ExtraLibraries/touchcode/TouchXML/Common/Source/Tidy;
			sourceTree = DEVELOPER_DIR;
		};
/* End PBXGroup section */

/* Begin PBXNativeTarget section */
		1D6058900D05DD3D006BFB54 /* YGap */ = {
			isa = PBXNativeTarget;
			buildConfigurationList = 1D6058960D05DD3E006BFB54 /* Build configuration list for PBXNativeTarget "YGap" */;
			buildPhases = (
				1D60588D0D05DD3D006BFB54 /* Resources */,
				1D60588E0D05DD3D006BFB54 /* Sources */,
				1D60588F0D05DD3D006BFB54 /* Frameworks */,
			);
			buildRules = (
			);
			dependencies = (
			);
			name = YGap;
			productName = YGap;
			productReference = 1D6058910D05DD3D006BFB54 /* YGap.app */;
			productType = "com.apple.product-type.application";
		};
/* End PBXNativeTarget section */

/* Begin PBXProject section */
		29B97313FDCFA39411CA2CEA /* Project object */ = {
			isa = PBXProject;
			attributes = {
				ORGANIZATIONNAME = "Don Buchanan Solutions Pty Ltd";
			};
			buildConfigurationList = C01FCF4E08A954540054247B /* Build configuration list for PBXProject "YGap" */;
			compatibilityVersion = "Xcode 3.1";
			hasScannedForEncodings = 1;
			knownRegions = (
				English,
				Japanese,
				French,
				German,
				en,
			);
			mainGroup = 29B97314FDCFA39411CA2CEA /* CustomTemplate */;
			projectDirPath = "";
			projectRoot = "";
			targets = (
				1D6058900D05DD3D006BFB54 /* YGap */,
			);
		};
/* End PBXProject section */

/* Begin PBXResourcesBuildPhase section */
		1D60588D0D05DD3D006BFB54 /* Resources */ = {
			isa = PBXResourcesBuildPhase;
			buildActionMask = 2147483647;
			files = (
				28AD73600D9D9599002E5188 /* MainWindow.xib in Resources */,
				28F335F11007B36200424DE2 /* RootViewController.xib in Resources */,
				DE9D753510F81A21006116F5 /* BlogTableCell.xib in Resources */,
				DEF30FD710F9AD5A00CEB61F /* TourController.xib in Resources */,
				DEF310D310FA75CC00CEB61F /* BlogItemController.xib in Resources */,
				DEF312941102DDEE00CEB61F /* BlogController.xib in Resources */,
			);
			runOnlyForDeploymentPostprocessing = 0;
		};
/* End PBXResourcesBuildPhase section */

/* Begin PBXSourcesBuildPhase section */
		1D60588E0D05DD3D006BFB54 /* Sources */ = {
			isa = PBXSourcesBuildPhase;
			buildActionMask = 2147483647;
			files = (
				1D60589B0D05DD56006BFB54 /* main.m in Sources */,
				1D3623260D0F684500981E51 /* YGapAppDelegate.m in Sources */,
				28C286E10D94DF7D0034E888 /* RootViewController.m in Sources */,
				DE9D74B410F806DD006116F5 /* CXMLDocument_CreationExtensions.m in Sources */,
				DE9D74B510F806DD006116F5 /* CXMLNode_CreationExtensions.m in Sources */,
				DE9D74B610F806DD006116F5 /* CXMLDocument.m in Sources */,
				DE9D74B710F806DD006116F5 /* CXMLDocument_PrivateExtensions.m in Sources */,
				DE9D74B810F806DD006116F5 /* CXMLElement.m in Sources */,
				DE9D74B910F806DD006116F5 /* CXMLElement_CreationExtensions.m in Sources */,
				DE9D74BA10F806DD006116F5 /* CXMLElement_ElementTreeExtensions.m in Sources */,
				DE9D74BB10F806DD006116F5 /* CXMLNode.m in Sources */,
				DE9D74BC10F806DD006116F5 /* CXMLNode_PrivateExtensions.m in Sources */,
				DE9D74BD10F806DD006116F5 /* CXMLNode_XPathExtensions.m in Sources */,
				DE9D74BE10F806DD006116F5 /* CTidy.m in Sources */,
				DE9D75FA10F946A5006116F5 /* AsyncImageView.m in Sources */,
				DEF30FD610F9AD5A00CEB61F /* TourController.m in Sources */,
				DEF3101510F9B27B00CEB61F /* TourAnnotation.m in Sources */,
				DEF3105D10F9B6FB00CEB61F /* AddressGeocoder.m in Sources */,
				DEF310D210FA75CC00CEB61F /* BlogItemController.m in Sources */,
				DEF312931102DDEE00CEB61F /* BlogController.m in Sources */,
			);
			runOnlyForDeploymentPostprocessing = 0;
		};
/* End PBXSourcesBuildPhase section */

/* Begin XCBuildConfiguration section */
		1D6058940D05DD3E006BFB54 /* Debug */ = {
			isa = XCBuildConfiguration;
			buildSettings = {
				ALWAYS_SEARCH_USER_PATHS = NO;
				CODE_SIGN_IDENTITY = "iPhone Developer";
				"CODE_SIGN_IDENTITY[sdk=iphoneos*]" = "iPhone Developer";
				COPY_PHASE_STRIP = NO;
				GCC_DYNAMIC_NO_PIC = NO;
				GCC_OPTIMIZATION_LEVEL = 0;
				GCC_PRECOMPILE_PREFIX_HEADER = YES;
				GCC_PREFIX_HEADER = YGap_Prefix.pch;
				INFOPLIST_FILE = "YGap-Info.plist";
				PRODUCT_NAME = YGap;
				PROVISIONING_PROFILE = "";
				"PROVISIONING_PROFILE[sdk=iphoneos*]" = "";
			};
			name = Debug;
		};
		1D6058950D05DD3E006BFB54 /* Release */ = {
			isa = XCBuildConfiguration;
			buildSettings = {
				ALWAYS_SEARCH_USER_PATHS = NO;
				COPY_PHASE_STRIP = YES;
				GCC_PRECOMPILE_PREFIX_HEADER = YES;
				GCC_PREFIX_HEADER = YGap_Prefix.pch;
				INFOPLIST_FILE = "YGap-Info.plist";
				PRODUCT_NAME = YGap;
			};
			name = Release;
		};
		C01FCF4F08A954540054247B /* Debug */ = {
			isa = XCBuildConfiguration;
			buildSettings = {
				ARCHS = "$(ARCHS_STANDARD_32_BIT)";
				"CODE_SIGN_IDENTITY[sdk=iphoneos*]" = "iPhone Developer";
				GCC_C_LANGUAGE_STANDARD = c99;
				GCC_WARN_ABOUT_RETURN_TYPE = YES;
				GCC_WARN_UNUSED_VARIABLE = YES;
				HEADER_SEARCH_PATHS = /usr/include/libxml2;
				OTHER_LDFLAGS = "-lxml2";
				PREBINDING = NO;
				SDKROOT = iphoneos3.1.2;
			};
			name = Debug;
		};
		C01FCF5008A954540054247B /* Release */ = {
			isa = XCBuildConfiguration;
			buildSettings = {
				ARCHS = "$(ARCHS_STANDARD_32_BIT)";
				"CODE_SIGN_IDENTITY[sdk=iphoneos*]" = "iPhone Developer";
				GCC_C_LANGUAGE_STANDARD = c99;
				GCC_WARN_ABOUT_RETURN_TYPE = YES;
				GCC_WARN_UNUSED_VARIABLE = YES;
				PREBINDING = NO;
				SDKROOT = iphoneos3.1.2;
			};
			name = Release;
		};
/* End XCBuildConfiguration section */

/* Begin XCConfigurationList section */
		1D6058960D05DD3E006BFB54 /* Build configuration list for PBXNativeTarget "YGap" */ = {
			isa = XCConfigurationList;
			buildConfigurations = (
				1D6058940D05DD3E006BFB54 /* Debug */,
				1D6058950D05DD3E006BFB54 /* Release */,
			);
			defaultConfigurationIsVisible = 0;
			defaultConfigurationName = Release;
		};
		C01FCF4E08A954540054247B /* Build configuration list for PBXProject "YGap" */ = {
			isa = XCConfigurationList;
			buildConfigurations = (
				C01FCF4F08A954540054247B /* Debug */,
				C01FCF5008A954540054247B /* Release */,
			);
			defaultConfigurationIsVisible = 0;
			defaultConfigurationName = Release;
		};
/* End XCConfigurationList section */
	};
	rootObject = 29B97313FDCFA39411CA2CEA /* Project object */;
}
