// !$*UTF8*$!
{
	archiveVersion = 1;
	classes = {
	};
	objectVersion = 45;
	objects = {

/* Begin PBXBuildFile section */
		1D3623260D0F684500981E51 /* YGapAppDelegate.m in Sources */ = {isa = PBXBuildFile; fileRef = 1D3623250D0F684500981E51 /* YGapAppDelegate.m */; };
		1D60589B0D05DD56006BFB54 /* main.m in Sources */ = {isa = PBXBuildFile; fileRef = 29B97316FDCFA39411CA2CEA /* main.m */; };
		28AD73600D9D9599002E5188 /* MainWindow.xib in Resources */ = {isa = PBXBuildFile; fileRef = 28AD735F0D9D9599002E5188 /* MainWindow.xib */; };
		28C286E10D94DF7D0034E888 /* RootViewController.m in Sources */ = {isa = PBXBuildFile; fileRef = 28C286E00D94DF7D0034E888 /* RootViewController.m */; };
		28F335F11007B36200424DE2 /* RootViewController.xib in Resources */ = {isa = PBXBuildFile; fileRef = 28F335F01007B36200424DE2 /* RootViewController.xib */; };
		DE814C60114E61880026ED54 /* Default.png in Resources */ = {isa = PBXBuildFile; fileRef = DE814C5F114E61880026ED54 /* Default.png */; };
		DE814C97114E64820026ED54 /* Icon.png in Resources */ = {isa = PBXBuildFile; fileRef = DE814C96114E64820026ED54 /* Icon.png */; };
		DE9D74B410F806DD006116F5 /* CXMLDocument_CreationExtensions.m in Sources */ = {isa = PBXBuildFile; fileRef = DE9D749D10F806DD006116F5 /* CXMLDocument_CreationExtensions.m */; };
		DE9D74B510F806DD006116F5 /* CXMLNode_CreationExtensions.m in Sources */ = {isa = PBXBuildFile; fileRef = DE9D749F10F806DD006116F5 /* CXMLNode_CreationExtensions.m */; };
		DE9D74B610F806DD006116F5 /* CXMLDocument.m in Sources */ = {isa = PBXBuildFile; fileRef = DE9D74A110F806DD006116F5 /* CXMLDocument.m */; };
		DE9D74B710F806DD006116F5 /* CXMLDocument_PrivateExtensions.m in Sources */ = {isa = PBXBuildFile; fileRef = DE9D74A310F806DD006116F5 /* CXMLDocument_PrivateExtensions.m */; };
		DE9D74B810F806DD006116F5 /* CXMLElement.m in Sources */ = {isa = PBXBuildFile; fileRef = DE9D74A510F806DD006116F5 /* CXMLElement.m */; };
		DE9D74B910F806DD006116F5 /* CXMLElement_CreationExtensions.m in Sources */ = {isa = PBXBuildFile; fileRef = DE9D74A710F806DD006116F5 /* CXMLElement_CreationExtensions.m */; };
		DE9D74BA10F806DD006116F5 /* CXMLElement_ElementTreeExtensions.m in Sources */ = {isa = PBXBuildFile; fileRef = DE9D74A910F806DD006116F5 /* CXMLElement_ElementTreeExtensions.m */; };
		DE9D74BB10F806DD006116F5 /* CXMLNode.m in Sources */ = {isa = PBXBuildFile; fileRef = DE9D74AB10F806DD006116F5 /* CXMLNode.m */; };
		DE9D74BC10F806DD006116F5 /* CXMLNode_PrivateExtensions.m in Sources */ = {isa = PBXBuildFile; fileRef = DE9D74AD10F806DD006116F5 /* CXMLNode_PrivateExtensions.m */; };
		DE9D74BD10F806DD006116F5 /* CXMLNode_XPathExtensions.m in Sources */ = {isa = PBXBuildFile; fileRef = DE9D74AF10F806DD006116F5 /* CXMLNode_XPathExtensions.m */; };
		DE9D74BE10F806DD006116F5 /* CTidy.m in Sources */ = {isa = PBXBuildFile; fileRef = DE9D74B210F806DD006116F5 /* CTidy.m */; };
		DE9D753510F81A21006116F5 /* BlogTableCell.xib in Resources */ = {isa = PBXBuildFile; fileRef = DE9D753410F81A21006116F5 /* BlogTableCell.xib */; };
		DE9D75FA10F946A5006116F5 /* AsyncImageView.m in Sources */ = {isa = PBXBuildFile; fileRef = DE9D75F910F946A5006116F5 /* AsyncImageView.m */; };
		DE9E61F0111841BF009F58BA /* CustomUINavigationBar.m in Sources */ = {isa = PBXBuildFile; fileRef = DE9E61EF111841BF009F58BA /* CustomUINavigationBar.m */; };
		DEBADB311134712B003A3FDF /* ui_nav_bg.png in Resources */ = {isa = PBXBuildFile; fileRef = DEBADB301134712B003A3FDF /* ui_nav_bg.png */; };
		DEBADB4D113472C9003A3FDF /* GetInvolved.m in Sources */ = {isa = PBXBuildFile; fileRef = DEBADB4B113472C9003A3FDF /* GetInvolved.m */; };
		DEBADB4E113472C9003A3FDF /* GetInvolved.xib in Resources */ = {isa = PBXBuildFile; fileRef = DEBADB4C113472C9003A3FDF /* GetInvolved.xib */; };
		DEBADB5E1134731A003A3FDF /* LifeLink.m in Sources */ = {isa = PBXBuildFile; fileRef = DEBADB5C1134731A003A3FDF /* LifeLink.m */; };
		DEBADB5F1134731A003A3FDF /* LifeLink.xib in Resources */ = {isa = PBXBuildFile; fileRef = DEBADB5D1134731A003A3FDF /* LifeLink.xib */; };
		DEDA089C11732CFB0019218B /* CoreLocation.framework in Frameworks */ = {isa = PBXBuildFile; fileRef = DEDA089B11732CFB0019218B /* CoreLocation.framework */; };
		DEDA08A011732D020019218B /* UIKit.framework in Frameworks */ = {isa = PBXBuildFile; fileRef = DEDA089F11732D020019218B /* UIKit.framework */; };
		DEDA08A411732D0B0019218B /* CoreGraphics.framework in Frameworks */ = {isa = PBXBuildFile; fileRef = DEDA08A311732D0B0019218B /* CoreGraphics.framework */; };
		DEDA08A811732D170019218B /* Foundation.framework in Frameworks */ = {isa = PBXBuildFile; fileRef = DEDA08A711732D170019218B /* Foundation.framework */; };
		DEDA08AC11732D1E0019218B /* MapKit.framework in Frameworks */ = {isa = PBXBuildFile; fileRef = DEDA08AB11732D1E0019218B /* MapKit.framework */; };
		DEF30FD610F9AD5A00CEB61F /* TourController.m in Sources */ = {isa = PBXBuildFile; fileRef = DEF30FD410F9AD5A00CEB61F /* TourController.m */; };
		DEF30FD710F9AD5A00CEB61F /* TourController.xib in Resources */ = {isa = PBXBuildFile; fileRef = DEF30FD510F9AD5A00CEB61F /* TourController.xib */; };
		DEF3101510F9B27B00CEB61F /* TourAnnotation.m in Sources */ = {isa = PBXBuildFile; fileRef = DEF3101410F9B27B00CEB61F /* TourAnnotation.m */; };
		DEF3105D10F9B6FB00CEB61F /* AddressGeocoder.m in Sources */ = {isa = PBXBuildFile; fileRef = DEF3105C10F9B6FB00CEB61F /* AddressGeocoder.m */; };
		DEF310D210FA75CC00CEB61F /* BlogItemController.m in Sources */ = {isa = PBXBuildFile; fileRef = DEF310D010FA75CC00CEB61F /* BlogItemController.m */; };
		DEF310D310FA75CC00CEB61F /* BlogItemController.xib in Resources */ = {isa = PBXBuildFile; fileRef = DEF310D110FA75CC00CEB61F /* BlogItemController.xib */; };
		DEF312931102DDEE00CEB61F /* BlogController.m in Sources */ = {isa = PBXBuildFile; fileRef = DEF312911102DDEE00CEB61F /* BlogController.m */; };
		DEF312941102DDEE00CEB61F /* BlogController.xib in Resources */ = {isa = PBXBuildFile; fileRef = DEF312921102DDEE00CEB61F /* BlogController.xib */; };
		DEF312D11102E99C00CEB61F /* background.png in Resources */ = {isa = PBXBuildFile; fileRef = DEF312D01102E99C00CEB61F /* background.png */; };
		DEF3131D1102EF1200CEB61F /* CurrentProjectController.m in Sources */ = {isa = PBXBuildFile; fileRef = DEF3131B1102EF1200CEB61F /* CurrentProjectController.m */; };
		DEF3131E1102EF1200CEB61F /* CurrentProjectController.xib in Resources */ = {isa = PBXBuildFile; fileRef = DEF3131C1102EF1200CEB61F /* CurrentProjectController.xib */; };
		DEF313471102F27C00CEB61F /* CurrentProjectItems.m in Sources */ = {isa = PBXBuildFile; fileRef = DEF313451102F27C00CEB61F /* CurrentProjectItems.m */; };
		DEF313481102F27C00CEB61F /* CurrentProjectItems.xib in Resources */ = {isa = PBXBuildFile; fileRef = DEF313461102F27C00CEB61F /* CurrentProjectItems.xib */; };
		DEF3135C1102F9D000CEB61F /* URLCacheAlert.m in Sources */ = {isa = PBXBuildFile; fileRef = DEF3135B1102F9D000CEB61F /* URLCacheAlert.m */; };
		DEF3135F1102F9D900CEB61F /* URLCacheConnection.m in Sources */ = {isa = PBXBuildFile; fileRef = DEF3135E1102F9D900CEB61F /* URLCacheConnection.m */; };
		DEF313CA1103B01A00CEB61F /* three_states_of_mind.png in Resources */ = {isa = PBXBuildFile; fileRef = DEF313C91103B01A00CEB61F /* three_states_of_mind.png */; };
/* End PBXBuildFile section */

/* Begin PBXFileReference section */
		1D3623240D0F684500981E51 /* YGapAppDelegate.h */ = {isa = PBXFileReference; fileEncoding = 4; lastKnownFileType = sourcecode.c.h; path = YGapAppDelegate.h; sourceTree = "<group>"; };
		1D3623250D0F684500981E51 /* YGapAppDelegate.m */ = {isa = PBXFileReference; fileEncoding = 4; lastKnownFileType = sourcecode.c.objc; path = YGapAppDelegate.m; sourceTree = "<group>"; };
		1D6058910D05DD3D006BFB54 /* YGap.app */ = {isa = PBXFileReference; explicitFileType = wrapper.application; includeInIndex = 0; path = YGap.app; sourceTree = BUILT_PRODUCTS_DIR; };
		28A0AAE50D9B0CCF005BE974 /* YGap_Prefix.pch */ = {isa = PBXFileReference; fileEncoding = 4; lastKnownFileType = sourcecode.c.h; path = YGap_Prefix.pch; sourceTree = "<group>"; };
		28AD735F0D9D9599002E5188 /* MainWindow.xib */ = {isa = PBXFileReference; lastKnownFileType = file.xib; path = MainWindow.xib; sourceTree = "<group>"; };
		28C286DF0D94DF7D0034E888 /* RootViewController.h */ = {isa = PBXFileReference; fileEncoding = 4; lastKnownFileType = sourcecode.c.h; path = RootViewController.h; sourceTree = "<group>"; };
		28C286E00D94DF7D0034E888 /* RootViewController.m */ = {isa = PBXFileReference; fileEncoding = 4; lastKnownFileType = sourcecode.c.objc; path = RootViewController.m; sourceTree = "<group>"; };
		28F335F01007B36200424DE2 /* RootViewController.xib */ = {isa = PBXFileReference; lastKnownFileType = file.xib; path = RootViewController.xib; sourceTree = "<group>"; };
		29B97316FDCFA39411CA2CEA /* main.m */ = {isa = PBXFileReference; fileEncoding = 4; lastKnownFileType = sourcecode.c.objc; path = main.m; sourceTree = "<group>"; };
		8D1107310486CEB800E47090 /* YGap-Info.plist */ = {isa = PBXFileReference; fileEncoding = 4; lastKnownFileType = text.plist.xml; path = "YGap-Info.plist"; plistStructureDefinitionIdentifier = "com.apple.xcode.plist.structure-definition.iphone.info-plist"; sourceTree = "<group>"; };
		DE814C5F114E61880026ED54 /* Default.png */ = {isa = PBXFileReference; explicitFileType = image.png; path = Default.png; sourceTree = "<group>"; };
		DE814C96114E64820026ED54 /* Icon.png */ = {isa = PBXFileReference; lastKnownFileType = image.png; path = Icon.png; sourceTree = "<group>"; };
		DE9D749C10F806DD006116F5 /* CXMLDocument_CreationExtensions.h */ = {isa = PBXFileReference; fileEncoding = 4; lastKnownFileType = sourcecode.c.h; name = CXMLDocument_CreationExtensions.h; path = ExtraLibraries/touchcode/TouchXML/Common/Source/Creation/CXMLDocument_CreationExtensions.h; sourceTree = DEVELOPER_DIR; };
		DE9D749D10F806DD006116F5 /* CXMLDocument_CreationExtensions.m */ = {isa = PBXFileReference; fileEncoding = 4; lastKnownFileType = sourcecode.c.objc; name = CXMLDocument_CreationExtensions.m; path = ExtraLibraries/touchcode/TouchXML/Common/Source/Creation/CXMLDocument_CreationExtensions.m; sourceTree = DEVELOPER_DIR; };
		DE9D749E10F806DD006116F5 /* CXMLNode_CreationExtensions.h */ = {isa = PBXFileReference; fileEncoding = 4; lastKnownFileType = sourcecode.c.h; name = CXMLNode_CreationExtensions.h; path = ExtraLibraries/touchcode/TouchXML/Common/Source/Creation/CXMLNode_CreationExtensions.h; sourceTree = DEVELOPER_DIR; };
		DE9D749F10F806DD006116F5 /* CXMLNode_CreationExtensions.m */ = {isa = PBXFileReference; fileEncoding = 4; lastKnownFileType = sourcecode.c.objc; name = CXMLNode_CreationExtensions.m; path = ExtraLibraries/touchcode/TouchXML/Common/Source/Creation/CXMLNode_CreationExtensions.m; sourceTree = DEVELOPER_DIR; };
		DE9D74A010F806DD006116F5 /* CXMLDocument.h */ = {isa = PBXFileReference; fileEncoding = 4; lastKnownFileType = sourcecode.c.h; name = CXMLDocument.h; path = ExtraLibraries/touchcode/TouchXML/Common/Source/CXMLDocument.h; sourceTree = DEVELOPER_DIR; };
		DE9D74A110F806DD006116F5 /* CXMLDocument.m */ = {isa = PBXFileReference; fileEncoding = 4; lastKnownFileType = sourcecode.c.objc; name = CXMLDocument.m; path = ExtraLibraries/touchcode/TouchXML/Common/Source/CXMLDocument.m; sourceTree = DEVELOPER_DIR; };
		DE9D74A210F806DD006116F5 /* CXMLDocument_PrivateExtensions.h */ = {isa = PBXFileReference; fileEncoding = 4; lastKnownFileType = sourcecode.c.h; name = CXMLDocument_PrivateExtensions.h; path = ExtraLibraries/touchcode/TouchXML/Common/Source/CXMLDocument_PrivateExtensions.h; sourceTree = DEVELOPER_DIR; };
		DE9D74A310F806DD006116F5 /* CXMLDocument_PrivateExtensions.m */ = {isa = PBXFileReference; fileEncoding = 4; lastKnownFileType = sourcecode.c.objc; name = CXMLDocument_PrivateExtensions.m; path = ExtraLibraries/touchcode/TouchXML/Common/Source/CXMLDocument_PrivateExtensions.m; sourceTree = DEVELOPER_DIR; };
		DE9D74A410F806DD006116F5 /* CXMLElement.h */ = {isa = PBXFileReference; fileEncoding = 4; lastKnownFileType = sourcecode.c.h; name = CXMLElement.h; path = ExtraLibraries/touchcode/TouchXML/Common/Source/CXMLElement.h; sourceTree = DEVELOPER_DIR; };
		DE9D74A510F806DD006116F5 /* CXMLElement.m */ = {isa = PBXFileReference; fileEncoding = 4; lastKnownFileType = sourcecode.c.objc; name = CXMLElement.m; path = ExtraLibraries/touchcode/TouchXML/Common/Source/CXMLElement.m; sourceTree = DEVELOPER_DIR; };
		DE9D74A610F806DD006116F5 /* CXMLElement_CreationExtensions.h */ = {isa = PBXFileReference; fileEncoding = 4; lastKnownFileType = sourcecode.c.h; name = CXMLElement_CreationExtensions.h; path = ExtraLibraries/touchcode/TouchXML/Common/Source/CXMLElement_CreationExtensions.h; sourceTree = DEVELOPER_DIR; };
		DE9D74A710F806DD006116F5 /* CXMLElement_CreationExtensions.m */ = {isa = PBXFileReference; fileEncoding = 4; lastKnownFileType = sourcecode.c.objc; name = CXMLElement_CreationExtensions.m; path = ExtraLibraries/touchcode/TouchXML/Common/Source/CXMLElement_CreationExtensions.m; sourceTree = DEVELOPER_DIR; };
		DE9D74A810F806DD006116F5 /* CXMLElement_ElementTreeExtensions.h */ = {isa = PBXFileReference; fileEncoding = 4; lastKnownFileType = sourcecode.c.h; name = CXMLElement_ElementTreeExtensions.h; path = ExtraLibraries/touchcode/TouchXML/Common/Source/CXMLElement_ElementTreeExtensions.h; sourceTree = DEVELOPER_DIR; };
		DE9D74A910F806DD006116F5 /* CXMLElement_ElementTreeExtensions.m */ = {isa = PBXFileReference; fileEncoding = 4; lastKnownFileType = sourcecode.c.objc; name = CXMLElement_ElementTreeExtensions.m; path = ExtraLibraries/touchcode/TouchXML/Common/Source/CXMLElement_ElementTreeExtensions.m; sourceTree = DEVELOPER_DIR; };
		DE9D74AA10F806DD006116F5 /* CXMLNode.h */ = {isa = PBXFileReference; fileEncoding = 4; lastKnownFileType = sourcecode.c.h; name = CXMLNode.h; path = ExtraLibraries/touchcode/TouchXML/Common/Source/CXMLNode.h; sourceTree = DEVELOPER_DIR; };
		DE9D74AB10F806DD006116F5 /* CXMLNode.m */ = {isa = PBXFileReference; fileEncoding = 4; lastKnownFileType = sourcecode.c.objc; name = CXMLNode.m; path = ExtraLibraries/touchcode/TouchXML/Common/Source/CXMLNode.m; sourceTree = DEVELOPER_DIR; };
		DE9D74AC10F806DD006116F5 /* CXMLNode_PrivateExtensions.h */ = {isa = PBXFileReference; fileEncoding = 4; lastKnownFileType = sourcecode.c.h; name = CXMLNode_PrivateExtensions.h; path = ExtraLibraries/touchcode/TouchXML/Common/Source/CXMLNode_PrivateExtensions.h; sourceTree = DEVELOPER_DIR; };
		DE9D74AD10F806DD006116F5 /* CXMLNode_PrivateExtensions.m */ = {isa = PBXFileReference; fileEncoding = 4; lastKnownFileType = sourcecode.c.objc; name = CXMLNode_PrivateExtensions.m; path = ExtraLibraries/touchcode/TouchXML/Common/Source/CXMLNode_PrivateExtensions.m; sourceTree = DEVELOPER_DIR; };
		DE9D74AE10F806DD006116F5 /* CXMLNode_XPathExtensions.h */ = {isa = PBXFileReference; fileEncoding = 4; lastKnownFileType = sourcecode.c.h; name = CXMLNode_XPathExtensions.h; path = ExtraLibraries/touchcode/TouchXML/Common/Source/CXMLNode_XPathExtensions.h; sourceTree = DEVELOPER_DIR; };
		DE9D74AF10F806DD006116F5 /* CXMLNode_XPathExtensions.m */ = {isa = PBXFileReference; fileEncoding = 4; lastKnownFileType = sourcecode.c.objc; name = CXMLNode_XPathExtensions.m; path = ExtraLibraries/touchcode/TouchXML/Common/Source/CXMLNode_XPathExtensions.m; sourceTree = DEVELOPER_DIR; };
		DE9D74B110F806DD006116F5 /* CTidy.h */ = {isa = PBXFileReference; fileEncoding = 4; lastKnownFileType = sourcecode.c.h; name = CTidy.h; path = ExtraLibraries/touchcode/TouchXML/Common/Source/Tidy/CTidy.h; sourceTree = DEVELOPER_DIR; };
		DE9D74B210F806DD006116F5 /* CTidy.m */ = {isa = PBXFileReference; fileEncoding = 4; lastKnownFileType = sourcecode.c.objc; name = CTidy.m; path = ExtraLibraries/touchcode/TouchXML/Common/Source/Tidy/CTidy.m; sourceTree = DEVELOPER_DIR; };
		DE9D74B310F806DD006116F5 /* TouchXML.h */ = {isa = PBXFileReference; fileEncoding = 4; lastKnownFileType = sourcecode.c.h; name = TouchXML.h; path = ExtraLibraries/touchcode/TouchXML/Common/Source/TouchXML.h; sourceTree = DEVELOPER_DIR; };
		DE9D753410F81A21006116F5 /* BlogTableCell.xib */ = {isa = PBXFileReference; lastKnownFileType = file.xib; path = BlogTableCell.xib; sourceTree = "<group>"; };
		DE9D75F810F946A5006116F5 /* AsyncImageView.h */ = {isa = PBXFileReference; fileEncoding = 4; lastKnownFileType = sourcecode.c.h; path = AsyncImageView.h; sourceTree = "<group>"; };
		DE9D75F910F946A5006116F5 /* AsyncImageView.m */ = {isa = PBXFileReference; fileEncoding = 4; lastKnownFileType = sourcecode.c.objc; path = AsyncImageView.m; sourceTree = "<group>"; };
		DE9E61EE111841BF009F58BA /* CustomUINavigationBar.h */ = {isa = PBXFileReference; fileEncoding = 4; lastKnownFileType = sourcecode.c.h; path = CustomUINavigationBar.h; sourceTree = "<group>"; };
		DE9E61EF111841BF009F58BA /* CustomUINavigationBar.m */ = {isa = PBXFileReference; fileEncoding = 4; lastKnownFileType = sourcecode.c.objc; path = CustomUINavigationBar.m; sourceTree = "<group>"; };
		DEBADB301134712B003A3FDF /* ui_nav_bg.png */ = {isa = PBXFileReference; lastKnownFileType = image.png; path = ui_nav_bg.png; sourceTree = "<group>"; };
		DEBADB4A113472C9003A3FDF /* GetInvolved.h */ = {isa = PBXFileReference; fileEncoding = 4; lastKnownFileType = sourcecode.c.h; path = GetInvolved.h; sourceTree = "<group>"; };
		DEBADB4B113472C9003A3FDF /* GetInvolved.m */ = {isa = PBXFileReference; fileEncoding = 4; lastKnownFileType = sourcecode.c.objc; path = GetInvolved.m; sourceTree = "<group>"; };
		DEBADB4C113472C9003A3FDF /* GetInvolved.xib */ = {isa = PBXFileReference; lastKnownFileType = file.xib; name = GetInvolved.xib; path = Classes/GetInvolved.xib; sourceTree = "<group>"; };
		DEBADB5B1134731A003A3FDF /* LifeLink.h */ = {isa = PBXFileReference; fileEncoding = 4; lastKnownFileType = sourcecode.c.h; path = LifeLink.h; sourceTree = "<group>"; };
		DEBADB5C1134731A003A3FDF /* LifeLink.m */ = {isa = PBXFileReference; fileEncoding = 4; lastKnownFileType = sourcecode.c.objc; path = LifeLink.m; sourceTree = "<group>"; };
		DEBADB5D1134731A003A3FDF /* LifeLink.xib */ = {isa = PBXFileReference; lastKnownFileType = file.xib; name = LifeLink.xib; path = Classes/LifeLink.xib; sourceTree = "<group>"; };
		DEDA089B11732CFB0019218B /* CoreLocation.framework */ = {isa = PBXFileReference; lastKnownFileType = wrapper.framework; name = CoreLocation.framework; path = System/Library/Frameworks/CoreLocation.framework; sourceTree = SDKROOT; };
		DEDA089F11732D020019218B /* UIKit.framework */ = {isa = PBXFileReference; lastKnownFileType = wrapper.framework; name = UIKit.framework; path = System/Library/Frameworks/UIKit.framework; sourceTree = SDKROOT; };
		DEDA08A311732D0B0019218B /* CoreGraphics.framework */ = {isa = PBXFileReference; lastKnownFileType = wrapper.framework; name = CoreGraphics.framework; path = System/Library/Frameworks/CoreGraphics.framework; sourceTree = SDKROOT; };
		DEDA08A711732D170019218B /* Foundation.framework */ = {isa = PBXFileReference; lastKnownFileType = wrapper.framework; name = Foundation.framework; path = System/Library/Frameworks/Foundation.framework; sourceTree = SDKROOT; };
		DEDA08AB11732D1E0019218B /* MapKit.framework */ = {isa = PBXFileReference; lastKnownFileType = wrapper.framework; name = MapKit.framework; path = System/Library/Frameworks/MapKit.framework; sourceTree = SDKROOT; };
		DEF30FD310F9AD5A00CEB61F /* TourController.h */ = {isa = PBXFileReference; fileEncoding = 4; lastKnownFileType = sourcecode.c.h; path = TourController.h; sourceTree = "<group>"; };
		DEF30FD410F9AD5A00CEB61F /* TourController.m */ = {isa = PBXFileReference; fileEncoding = 4; lastKnownFileType = sourcecode.c.objc; path = TourController.m; sourceTree = "<group>"; };
		DEF30FD510F9AD5A00CEB61F /* TourController.xib */ = {isa = PBXFileReference; lastKnownFileType = file.xib; name = TourController.xib; path = Classes/TourController.xib; sourceTree = "<group>"; };
		DEF3101310F9B27B00CEB61F /* TourAnnotation.h */ = {isa = PBXFileReference; fileEncoding = 4; lastKnownFileType = sourcecode.c.h; path = TourAnnotation.h; sourceTree = "<group>"; };
		DEF3101410F9B27B00CEB61F /* TourAnnotation.m */ = {isa = PBXFileReference; fileEncoding = 4; lastKnownFileType = sourcecode.c.objc; path = TourAnnotation.m; sourceTree = "<group>"; };
		DEF3105B10F9B6FB00CEB61F /* AddressGeocoder.h */ = {isa = PBXFileReference; fileEncoding = 4; lastKnownFileType = sourcecode.c.h; path = AddressGeocoder.h; sourceTree = "<group>"; };
		DEF3105C10F9B6FB00CEB61F /* AddressGeocoder.m */ = {isa = PBXFileReference; fileEncoding = 4; lastKnownFileType = sourcecode.c.objc; path = AddressGeocoder.m; sourceTree = "<group>"; };
		DEF310CF10FA75CC00CEB61F /* BlogItemController.h */ = {isa = PBXFileReference; fileEncoding = 4; lastKnownFileType = sourcecode.c.h; path = BlogItemController.h; sourceTree = "<group>"; };
		DEF310D010FA75CC00CEB61F /* BlogItemController.m */ = {isa = PBXFileReference; fileEncoding = 4; lastKnownFileType = sourcecode.c.objc; path = BlogItemController.m; sourceTree = "<group>"; };
		DEF310D110FA75CC00CEB61F /* BlogItemController.xib */ = {isa = PBXFileReference; lastKnownFileType = file.xib; name = BlogItemController.xib; path = Classes/BlogItemController.xib; sourceTree = "<group>"; };
		DEF312901102DDEE00CEB61F /* BlogController.h */ = {isa = PBXFileReference; fileEncoding = 4; lastKnownFileType = sourcecode.c.h; path = BlogController.h; sourceTree = "<group>"; };
		DEF312911102DDEE00CEB61F /* BlogController.m */ = {isa = PBXFileReference; fileEncoding = 4; lastKnownFileType = sourcecode.c.objc; path = BlogController.m; sourceTree = "<group>"; };
		DEF312921102DDEE00CEB61F /* BlogController.xib */ = {isa = PBXFileReference; lastKnownFileType = file.xib; name = BlogController.xib; path = Classes/BlogController.xib; sourceTree = "<group>"; };
		DEF312D01102E99C00CEB61F /* background.png */ = {isa = PBXFileReference; lastKnownFileType = image.png; path = background.png; sourceTree = "<group>"; };
		DEF3131A1102EF1200CEB61F /* CurrentProjectController.h */ = {isa = PBXFileReference; fileEncoding = 4; lastKnownFileType = sourcecode.c.h; path = CurrentProjectController.h; sourceTree = "<group>"; };
		DEF3131B1102EF1200CEB61F /* CurrentProjectController.m */ = {isa = PBXFileReference; fileEncoding = 4; lastKnownFileType = sourcecode.c.objc; path = CurrentProjectController.m; sourceTree = "<group>"; };
		DEF3131C1102EF1200CEB61F /* CurrentProjectController.xib */ = {isa = PBXFileReference; lastKnownFileType = file.xib; name = CurrentProjectController.xib; path = Classes/CurrentProjectController.xib; sourceTree = "<group>"; };
		DEF313441102F27C00CEB61F /* CurrentProjectItems.h */ = {isa = PBXFileReference; fileEncoding = 4; lastKnownFileType = sourcecode.c.h; path = CurrentProjectItems.h; sourceTree = "<group>"; };
		DEF313451102F27C00CEB61F /* CurrentProjectItems.m */ = {isa = PBXFileReference; fileEncoding = 4; lastKnownFileType = sourcecode.c.objc; path = CurrentProjectItems.m; sourceTree = "<group>"; };
		DEF313461102F27C00CEB61F /* CurrentProjectItems.xib */ = {isa = PBXFileReference; lastKnownFileType = file.xib; name = CurrentProjectItems.xib; path = Classes/CurrentProjectItems.xib; sourceTree = "<group>"; };
		DEF3135A1102F9D000CEB61F /* URLCacheAlert.h */ = {isa = PBXFileReference; fileEncoding = 4; lastKnownFileType = sourcecode.c.h; path = URLCacheAlert.h; sourceTree = "<group>"; };
		DEF3135B1102F9D000CEB61F /* URLCacheAlert.m */ = {isa = PBXFileReference; fileEncoding = 4; lastKnownFileType = sourcecode.c.objc; path = URLCacheAlert.m; sourceTree = "<group>"; };
		DEF3135D1102F9D900CEB61F /* URLCacheConnection.h */ = {isa = PBXFileReference; fileEncoding = 4; lastKnownFileType = sourcecode.c.h; path = URLCacheConnection.h; sourceTree = "<group>"; };
		DEF3135E1102F9D900CEB61F /* URLCacheConnection.m */ = {isa = PBXFileReference; fileEncoding = 4; lastKnownFileType = sourcecode.c.objc; path = URLCacheConnection.m; sourceTree = "<group>"; };
		DEF313C91103B01A00CEB61F /* three_states_of_mind.png */ = {isa = PBXFileReference; lastKnownFileType = image.png; path = three_states_of_mind.png; sourceTree = "<group>"; };
/* End PBXFileReference section */

/* Begin PBXFrameworksBuildPhase section */
		1D60588F0D05DD3D006BFB54 /* Frameworks */ = {
			isa = PBXFrameworksBuildPhase;
			buildActionMask = 2147483647;
			files = (
				DEDA089C11732CFB0019218B /* CoreLocation.framework in Frameworks */,
				DEDA08A011732D020019218B /* UIKit.framework in Frameworks */,
				DEDA08A411732D0B0019218B /* CoreGraphics.framework in Frameworks */,
				DEDA08A811732D170019218B /* Foundation.framework in Frameworks */,
				DEDA08AC11732D1E0019218B /* MapKit.framework in Frameworks */,
			);
			runOnlyForDeploymentPostprocessing = 0;
		};
/* End PBXFrameworksBuildPhase section */

/* Begin PBXGroup section */
		080E96DDFE201D6D7F000001 /* Classes */ = {
			isa = PBXGroup;
			children = (
				DE9E61ED1118419E009F58BA /* SupportClasses */,
				DEF313581102F9B800CEB61F /* URLCache */,
				DE9D749A10F806DD006116F5 /* Source */,
				28C286DF0D94DF7D0034E888 /* RootViewController.h */,
				28C286E00D94DF7D0034E888 /* RootViewController.m */,
				1D3623240D0F684500981E51 /* YGapAppDelegate.h */,
				1D3623250D0F684500981E51 /* YGapAppDelegate.m */,
				DE9D75F810F946A5006116F5 /* AsyncImageView.h */,
				DE9D75F910F946A5006116F5 /* AsyncImageView.m */,
				DEF30FD310F9AD5A00CEB61F /* TourController.h */,
				DEF30FD410F9AD5A00CEB61F /* TourController.m */,
				DEF3101310F9B27B00CEB61F /* TourAnnotation.h */,
				DEF3101410F9B27B00CEB61F /* TourAnnotation.m */,
				DEF3105B10F9B6FB00CEB61F /* AddressGeocoder.h */,
				DEF3105C10F9B6FB00CEB61F /* AddressGeocoder.m */,
				DEF310CF10FA75CC00CEB61F /* BlogItemController.h */,
				DEF310D010FA75CC00CEB61F /* BlogItemController.m */,
				DEF312901102DDEE00CEB61F /* BlogController.h */,
				DEF312911102DDEE00CEB61F /* BlogController.m */,
				DEF3131A1102EF1200CEB61F /* CurrentProjectController.h */,
				DEF3131B1102EF1200CEB61F /* CurrentProjectController.m */,
				DEF313441102F27C00CEB61F /* CurrentProjectItems.h */,
				DEF313451102F27C00CEB61F /* CurrentProjectItems.m */,
				DEBADB4A113472C9003A3FDF /* GetInvolved.h */,
				DEBADB4B113472C9003A3FDF /* GetInvolved.m */,
				DEBADB5B1134731A003A3FDF /* LifeLink.h */,
				DEBADB5C1134731A003A3FDF /* LifeLink.m */,
			);
			path = Classes;
			sourceTree = "<group>";
		};
		19C28FACFE9D520D11CA2CBB /* Products */ = {
			isa = PBXGroup;
			children = (
				1D6058910D05DD3D006BFB54 /* YGap.app */,
			);
			name = Products;
			sourceTree = "<group>";
		};
		29B97314FDCFA39411CA2CEA /* CustomTemplate */ = {
			isa = PBXGroup;
			children = (
				080E96DDFE201D6D7F000001 /* Classes */,
				29B97315FDCFA39411CA2CEA /* Other Sources */,
				29B97317FDCFA39411CA2CEA /* Resources */,
				29B97323FDCFA39411CA2CEA /* Frameworks */,
				19C28FACFE9D520D11CA2CBB /* Products */,
			);
			name = CustomTemplate;
			sourceTree = "<group>";
		};
		29B97315FDCFA39411CA2CEA /* Other Sources */ = {
			isa = PBXGroup;
			children = (
				28A0AAE50D9B0CCF005BE974 /* YGap_Prefix.pch */,
				29B97316FDCFA39411CA2CEA /* main.m */,
			);
			name = "Other Sources";
			sourceTree = "<group>";
		};
		29B97317FDCFA39411CA2CEA /* Resources */ = {
			isa = PBXGroup;
			children = (
				DE814C96114E64820026ED54 /* Icon.png */,
				DE814C5F114E61880026ED54 /* Default.png */,
				DEBADB301134712B003A3FDF /* ui_nav_bg.png */,
				DEBADB5D1134731A003A3FDF /* LifeLink.xib */,
				DEBADB4C113472C9003A3FDF /* GetInvolved.xib */,
				DEF312D01102E99C00CEB61F /* background.png */,
				DEF313C91103B01A00CEB61F /* three_states_of_mind.png */,
				DEF3131C1102EF1200CEB61F /* CurrentProjectController.xib */,
				28F335F01007B36200424DE2 /* RootViewController.xib */,
				DEF312921102DDEE00CEB61F /* BlogController.xib */,
				DEF310D110FA75CC00CEB61F /* BlogItemController.xib */,
				DEF313461102F27C00CEB61F /* CurrentProjectItems.xib */,
				DEF30FD510F9AD5A00CEB61F /* TourController.xib */,
				28AD735F0D9D9599002E5188 /* MainWindow.xib */,
				8D1107310486CEB800E47090 /* YGap-Info.plist */,
				DE9D753410F81A21006116F5 /* BlogTableCell.xib */,
			);
			name = Resources;
			sourceTree = "<group>";
		};
		29B97323FDCFA39411CA2CEA /* Frameworks */ = {
			isa = PBXGroup;
			children = (
				DEDA089B11732CFB0019218B /* CoreLocation.framework */,
				DEDA089F11732D020019218B /* UIKit.framework */,
				DEDA08A311732D0B0019218B /* CoreGraphics.framework */,
				DEDA08A711732D170019218B /* Foundation.framework */,
				DEDA08AB11732D1E0019218B /* MapKit.framework */,
			);
			name = Frameworks;
			sourceTree = "<group>";
		};
		DE9D749A10F806DD006116F5 /* Source */ = {
			isa = PBXGroup;
			children = (
				DE9D749B10F806DD006116F5 /* Creation */,
				DE9D74A010F806DD006116F5 /* CXMLDocument.h */,
				DE9D74A110F806DD006116F5 /* CXMLDocument.m */,
				DE9D74A210F806DD006116F5 /* CXMLDocument_PrivateExtensions.h */,
				DE9D74A310F806DD006116F5 /* CXMLDocument_PrivateExtensions.m */,
				DE9D74A410F806DD006116F5 /* CXMLElement.h */,
				DE9D74A510F806DD006116F5 /* CXMLElement.m */,
				DE9D74A610F806DD006116F5 /* CXMLElement_CreationExtensions.h */,
				DE9D74A710F806DD006116F5 /* CXMLElement_CreationExtensions.m */,
				DE9D74A810F806DD006116F5 /* CXMLElement_ElementTreeExtensions.h */,
				DE9D74A910F806DD006116F5 /* CXMLElement_ElementTreeExtensions.m */,
				DE9D74AA10F806DD006116F5 /* CXMLNode.h */,
				DE9D74AB10F806DD006116F5 /* CXMLNode.m */,
				DE9D74AC10F806DD006116F5 /* CXMLNode_PrivateExtensions.h */,
				DE9D74AD10F806DD006116F5 /* CXMLNode_PrivateExtensions.m */,
				DE9D74AE10F806DD006116F5 /* CXMLNode_XPathExtensions.h */,
				DE9D74AF10F806DD006116F5 /* CXMLNode_XPathExtensions.m */,
				DE9D74B010F806DD006116F5 /* Tidy */,
				DE9D74B310F806DD006116F5 /* TouchXML.h */,
			);
			name = Source;
			path = ExtraLibraries/touchcode/TouchXML/Common/Source;
			sourceTree = DEVELOPER_DIR;
		};
		DE9D749B10F806DD006116F5 /* Creation */ = {
			isa = PBXGroup;
			children = (
				DE9D749C10F806DD006116F5 /* CXMLDocument_CreationExtensions.h */,
				DE9D749D10F806DD006116F5 /* CXMLDocument_CreationExtensions.m */,
				DE9D749E10F806DD006116F5 /* CXMLNode_CreationExtensions.h */,
				DE9D749F10F806DD006116F5 /* CXMLNode_CreationExtensions.m */,
			);
			name = Creation;
			path = ExtraLibraries/touchcode/TouchXML/Common/Source/Creation;
			sourceTree = DEVELOPER_DIR;
		};
		DE9D74B010F806DD006116F5 /* Tidy */ = {
			isa = PBXGroup;
			children = (
				DE9D74B110F806DD006116F5 /* CTidy.h */,
				DE9D74B210F806DD006116F5 /* CTidy.m */,
			);
			name = Tidy;
			path = ExtraLibraries/touchcode/TouchXML/Common/Source/Tidy;
			sourceTree = DEVELOPER_DIR;
		};
		DE9E61ED1118419E009F58BA /* SupportClasses */ = {
			isa = PBXGroup;
			children = (
				DE9E61EE111841BF009F58BA /* CustomUINavigationBar.h */,
				DE9E61EF111841BF009F58BA /* CustomUINavigationBar.m */,
			);
			name = SupportClasses;
			sourceTree = "<group>";
		};
		DEF313581102F9B800CEB61F /* URLCache */ = {
			isa = PBXGroup;
			children = (
				DEF3135D1102F9D900CEB61F /* URLCacheConnection.h */,
				DEF3135E1102F9D900CEB61F /* URLCacheConnection.m */,
				DEF3135A1102F9D000CEB61F /* URLCacheAlert.h */,
				DEF3135B1102F9D000CEB61F /* URLCacheAlert.m */,
			);
			name = URLCache;
			sourceTree = "<group>";
		};
/* End PBXGroup section */

/* Begin PBXNativeTarget section */
		1D6058900D05DD3D006BFB54 /* YGap */ = {
			isa = PBXNativeTarget;
			buildConfigurationList = 1D6058960D05DD3E006BFB54 /* Build configuration list for PBXNativeTarget "YGap" */;
			buildPhases = (
				1D60588D0D05DD3D006BFB54 /* Resources */,
				1D60588E0D05DD3D006BFB54 /* Sources */,
				1D60588F0D05DD3D006BFB54 /* Frameworks */,
			);
			buildRules = (
			);
			dependencies = (
			);
			name = YGap;
			productName = YGap;
			productReference = 1D6058910D05DD3D006BFB54 /* YGap.app */;
			productType = "com.apple.product-type.application";
		};
/* End PBXNativeTarget section */

/* Begin PBXProject section */
		29B97313FDCFA39411CA2CEA /* Project object */ = {
			isa = PBXProject;
			attributes = {
				ORGANIZATIONNAME = "Don Buchanan Solutions Pty Ltd";
			};
			buildConfigurationList = C01FCF4E08A954540054247B /* Build configuration list for PBXProject "YGap" */;
			compatibilityVersion = "Xcode 3.1";
			hasScannedForEncodings = 1;
			knownRegions = (
				English,
				Japanese,
				French,
				German,
				en,
			);
			mainGroup = 29B97314FDCFA39411CA2CEA /* CustomTemplate */;
			projectDirPath = "";
			projectRoot = "";
			targets = (
				1D6058900D05DD3D006BFB54 /* YGap */,
			);
		};
/* End PBXProject section */

/* Begin PBXResourcesBuildPhase section */
		1D60588D0D05DD3D006BFB54 /* Resources */ = {
			isa = PBXResourcesBuildPhase;
			buildActionMask = 2147483647;
			files = (
				28AD73600D9D9599002E5188 /* MainWindow.xib in Resources */,
				28F335F11007B36200424DE2 /* RootViewController.xib in Resources */,
				DE9D753510F81A21006116F5 /* BlogTableCell.xib in Resources */,
				DEF30FD710F9AD5A00CEB61F /* TourController.xib in Resources */,
				DEF310D310FA75CC00CEB61F /* BlogItemController.xib in Resources */,
				DEF312941102DDEE00CEB61F /* BlogController.xib in Resources */,
				DEF312D11102E99C00CEB61F /* background.png in Resources */,
				DEF3131E1102EF1200CEB61F /* CurrentProjectController.xib in Resources */,
				DEF313481102F27C00CEB61F /* CurrentProjectItems.xib in Resources */,
				DEF313CA1103B01A00CEB61F /* three_states_of_mind.png in Resources */,
				DEBADB311134712B003A3FDF /* ui_nav_bg.png in Resources */,
				DEBADB4E113472C9003A3FDF /* GetInvolved.xib in Resources */,
				DEBADB5F1134731A003A3FDF /* LifeLink.xib in Resources */,
				DE814C60114E61880026ED54 /* Default.png in Resources */,
				DE814C97114E64820026ED54 /* Icon.png in Resources */,
			);
			runOnlyForDeploymentPostprocessing = 0;
		};
/* End PBXResourcesBuildPhase section */

/* Begin PBXSourcesBuildPhase section */
		1D60588E0D05DD3D006BFB54 /* Sources */ = {
			isa = PBXSourcesBuildPhase;
			buildActionMask = 2147483647;
			files = (
				1D60589B0D05DD56006BFB54 /* main.m in Sources */,
				1D3623260D0F684500981E51 /* YGapAppDelegate.m in Sources */,
				28C286E10D94DF7D0034E888 /* RootViewController.m in Sources */,
				DE9D74B410F806DD006116F5 /* CXMLDocument_CreationExtensions.m in Sources */,
				DE9D74B510F806DD006116F5 /* CXMLNode_CreationExtensions.m in Sources */,
				DE9D74B610F806DD006116F5 /* CXMLDocument.m in Sources */,
				DE9D74B710F806DD006116F5 /* CXMLDocument_PrivateExtensions.m in Sources */,
				DE9D74B810F806DD006116F5 /* CXMLElement.m in Sources */,
				DE9D74B910F806DD006116F5 /* CXMLElement_CreationExtensions.m in Sources */,
				DE9D74BA10F806DD006116F5 /* CXMLElement_ElementTreeExtensions.m in Sources */,
				DE9D74BB10F806DD006116F5 /* CXMLNode.m in Sources */,
				DE9D74BC10F806DD006116F5 /* CXMLNode_PrivateExtensions.m in Sources */,
				DE9D74BD10F806DD006116F5 /* CXMLNode_XPathExtensions.m in Sources */,
				DE9D74BE10F806DD006116F5 /* CTidy.m in Sources */,
				DE9D75FA10F946A5006116F5 /* AsyncImageView.m in Sources */,
				DEF30FD610F9AD5A00CEB61F /* TourController.m in Sources */,
				DEF3101510F9B27B00CEB61F /* TourAnnotation.m in Sources */,
				DEF3105D10F9B6FB00CEB61F /* AddressGeocoder.m in Sources */,
				DEF310D210FA75CC00CEB61F /* BlogItemController.m in Sources */,
				DEF312931102DDEE00CEB61F /* BlogController.m in Sources */,
				DEF3131D1102EF1200CEB61F /* CurrentProjectController.m in Sources */,
				DEF313471102F27C00CEB61F /* CurrentProjectItems.m in Sources */,
				DEF3135C1102F9D000CEB61F /* URLCacheAlert.m in Sources */,
				DEF3135F1102F9D900CEB61F /* URLCacheConnection.m in Sources */,
				DE9E61F0111841BF009F58BA /* CustomUINavigationBar.m in Sources */,
				DEBADB4D113472C9003A3FDF /* GetInvolved.m in Sources */,
				DEBADB5E1134731A003A3FDF /* LifeLink.m in Sources */,
			);
			runOnlyForDeploymentPostprocessing = 0;
		};
/* End PBXSourcesBuildPhase section */

/* Begin XCBuildConfiguration section */
		1D6058940D05DD3E006BFB54 /* Debug */ = {
			isa = XCBuildConfiguration;
			buildSettings = {
				ALWAYS_SEARCH_USER_PATHS = NO;
				CODE_SIGN_IDENTITY = "iPhone Developer";
				"CODE_SIGN_IDENTITY[sdk=iphoneos*]" = "iPhone Developer";
				COPY_PHASE_STRIP = NO;
				GCC_DYNAMIC_NO_PIC = NO;
				GCC_OPTIMIZATION_LEVEL = 0;
				GCC_PRECOMPILE_PREFIX_HEADER = YES;
				GCC_PREFIX_HEADER = YGap_Prefix.pch;
				INFOPLIST_FILE = "YGap-Info.plist";
				PRODUCT_NAME = YGap;
				PROVISIONING_PROFILE = "";
				"PROVISIONING_PROFILE[sdk=iphoneos*]" = "";
			};
			name = Debug;
		};
		1D6058950D05DD3E006BFB54 /* Release */ = {
			isa = XCBuildConfiguration;
			buildSettings = {
				ALWAYS_SEARCH_USER_PATHS = NO;
				COPY_PHASE_STRIP = YES;
				GCC_PRECOMPILE_PREFIX_HEADER = YES;
				GCC_PREFIX_HEADER = YGap_Prefix.pch;
				INFOPLIST_FILE = "YGap-Info.plist";
				PRODUCT_NAME = YGap;
			};
			name = Release;
		};
		C01FCF4F08A954540054247B /* Debug */ = {
			isa = XCBuildConfiguration;
			buildSettings = {
				ARCHS = "$(ARCHS_STANDARD_32_BIT)";
				"CODE_SIGN_IDENTITY[sdk=iphoneos*]" = "iPhone Developer";
				GCC_C_LANGUAGE_STANDARD = c99;
				GCC_WARN_ABOUT_RETURN_TYPE = YES;
				GCC_WARN_UNUSED_VARIABLE = YES;
				HEADER_SEARCH_PATHS = /usr/include/libxml2;
				OTHER_LDFLAGS = "-lxml2";
				PREBINDING = NO;
				SDKROOT = iphoneos3.1.2;
			};
			name = Debug;
		};
		C01FCF5008A954540054247B /* Release */ = {
			isa = XCBuildConfiguration;
			buildSettings = {
				ARCHS = "$(ARCHS_STANDARD_32_BIT)";
				"CODE_SIGN_IDENTITY[sdk=iphoneos*]" = "iPhone Developer";
				GCC_C_LANGUAGE_STANDARD = c99;
				GCC_WARN_ABOUT_RETURN_TYPE = YES;
				GCC_WARN_UNUSED_VARIABLE = YES;
				PREBINDING = NO;
				SDKROOT = iphoneos3.1.2;
			};
			name = Release;
		};
/* End XCBuildConfiguration section */

/* Begin XCConfigurationList section */
		1D6058960D05DD3E006BFB54 /* Build configuration list for PBXNativeTarget "YGap" */ = {
			isa = XCConfigurationList;
			buildConfigurations = (
				1D6058940D05DD3E006BFB54 /* Debug */,
				1D6058950D05DD3E006BFB54 /* Release */,
			);
			defaultConfigurationIsVisible = 0;
			defaultConfigurationName = Release;
		};
		C01FCF4E08A954540054247B /* Build configuration list for PBXProject "YGap" */ = {
			isa = XCConfigurationList;
			buildConfigurations = (
				C01FCF4F08A954540054247B /* Debug */,
				C01FCF5008A954540054247B /* Release */,
			);
			defaultConfigurationIsVisible = 0;
			defaultConfigurationName = Release;
		};
/* End XCConfigurationList section */
	};
	rootObject = 29B97313FDCFA39411CA2CEA /* Project object */;
}
